
Microsoft Visual Studio Solution File, Format Version 12.00
# Visual Studio Version 17
VisualStudioVersion = 17.3.32505.426
MinimumVisualStudioVersion = 10.0.40219.1
Project("{FAE04EC0-301F-11D3-BF4B-00C04F79EFBC}") = "pcso-linfred-frontend", "pcso-linfred-frontend.csproj", "{C3F2D25E-850C-4734-A3C8-47571E22EAB0}"
EndProject
Global
	GlobalSection(SolutionConfigurationPlatforms) = preSolution
		Debug|Any CPU = Debug|Any CPU
		Release|Any CPU = Release|Any CPU
	EndGlobalSection
	GlobalSection(ProjectConfigurationPlatforms) = postSolution
		{C3F2D25E-850C-4734-A3C8-47571E22EAB0}.Debug|Any CPU.ActiveCfg = Debug|Any CPU
		{C3F2D25E-850C-4734-A3C8-47571E22EAB0}.Debug|Any CPU.Build.0 = Debug|Any CPU
		{C3F2D25E-850C-4734-A3C8-47571E22EAB0}.Release|Any CPU.ActiveCfg = Release|Any CPU
		{C3F2D25E-850C-4734-A3C8-47571E22EAB0}.Release|Any CPU.Build.0 = Release|Any CPU
	EndGlobalSection
	GlobalSection(SolutionProperties) = preSolution
		HideSolutionNode = FALSE
	EndGlobalSection
	GlobalSection(ExtensibilityGlobals) = postSolution
		SolutionGuid = {213F9490-A142-4962-A492-B77DD96C26BD}
	EndGlobalSection
EndGlobal
